// !$*UTF8*$!
{
	archiveVersion = 1;
	classes = {
	};
	objectVersion = 77;
	objects = {

/* Begin PBXBuildFile section */
		25A3033125587D44528411AC /* MockDataInputView.swift in Sources */ = {isa = PBXBuildFile; fileRef = E36361226AF3C09F5BE3A603 /* MockDataInputView.swift */; };
		33A600E11BBAEF7A6DC72EA1 /* AppDelegate.swift in Sources */ = {isa = PBXBuildFile; fileRef = 90C5698ECE7FA528C7F0BEC2 /* AppDelegate.swift */; };
		3B81304A37BAD16A7FF20503 /* LaunchScreen.storyboard in Resources */ = {isa = PBXBuildFile; fileRef = FF46E4571286030F098071B5 /* LaunchScreen.storyboard */; };
		46BA3A6292082A4403D8163E /* FirebaseAuth in Frameworks */ = {isa = PBXBuildFile; productRef = 5D676CC12E97CA8A1496C45A /* FirebaseAuth */; };
		56DBF22F64E0967C40B4C807 /* FirebaseAnalytics in Frameworks */ = {isa = PBXBuildFile; productRef = C34211DA44DD8055A43623B8 /* FirebaseAnalytics */; };
		5DB2BE87B66F2CE43E80931F /* SettingsView.swift in Sources */ = {isa = PBXBuildFile; fileRef = A5E343725A1B239936A20E39 /* SettingsView.swift */; };
		5FB35B5793E5AC0233E1C523 /* KirtHealthSyncApp.swift in Sources */ = {isa = PBXBuildFile; fileRef = 27AC31C12618C3BEFE45DF77 /* KirtHealthSyncApp.swift */; };
		6B6110D4F1A278AE3C21293A /* ContentView.swift in Sources */ = {isa = PBXBuildFile; fileRef = 812A00823F606119942F1114 /* ContentView.swift */; };
		767C92002D302049D3078315 /* FirebaseFirestore in Frameworks */ = {isa = PBXBuildFile; productRef = 673013050C49652C01FA0059 /* FirebaseFirestore */; };
		7FAE987C8CE5C400B4029970 /* BackgroundTasks.framework in Frameworks */ = {isa = PBXBuildFile; fileRef = 121B8AB379631A4E7F99A3D9 /* BackgroundTasks.framework */; };
		830BAF31183FC8B99277F1E4 /* HealthKit.framework in Frameworks */ = {isa = PBXBuildFile; fileRef = F7B77253847BF06DFF92D86C /* HealthKit.framework */; };
		857D52BD207F2AB3B206EA1B /* FirestoreInit.m in Sources */ = {isa = PBXBuildFile; fileRef = 487B8FB8DDC839F838D2FD6B /* FirestoreInit.m */; };
		B15A695970A4A5C25D0612FC /* HealthKitManager.swift in Sources */ = {isa = PBXBuildFile; fileRef = E59BC0BDDFDCB36A68F5546E /* HealthKitManager.swift */; };
		B1DCFDDE78CD5E1D779CA87B /* GoogleService-Info.plist in Resources */ = {isa = PBXBuildFile; fileRef = 4CA353631375CC62332C73E2 /* GoogleService-Info.plist */; };
		BA03C702FE61B136635C5EB4 /* Assets.xcassets in Resources */ = {isa = PBXBuildFile; fileRef = 073CE9E8020A547BE50D96DE /* Assets.xcassets */; };
		E2D675D8BA549AFA0FEE3B11 /* UIKit.framework in Frameworks */ = {isa = PBXBuildFile; fileRef = 21C79A6A51BE1DC5BE76F96F /* UIKit.framework */; };
		F1BAC8183AE7B096C747A695 /* KirtHealthSyncUITests.swift in Sources */ = {isa = PBXBuildFile; fileRef = 7AD40B666E44A20BE22D66FA /* KirtHealthSyncUITests.swift */; };
/* End PBXBuildFile section */

/* Begin PBXContainerItemProxy section */
		0BC6CED0B1FF62CE62D6798B /* PBXContainerItemProxy */ = {
			isa = PBXContainerItemProxy;
			containerPortal = 6497514D642EFF18C917BD44 /* Project object */;
			proxyType = 1;
			remoteGlobalIDString = E49B8DACCE12E1B3137B5E6F;
			remoteInfo = KirtHealthSync;
		};
/* End PBXContainerItemProxy section */

/* Begin PBXFileReference section */
		073CE9E8020A547BE50D96DE /* Assets.xcassets */ = {isa = PBXFileReference; lastKnownFileType = folder.assetcatalog; path = Assets.xcassets; sourceTree = "<group>"; };
		10FF5BCCC32949C64F905A7C /* KirtHealthSyncUITests.xctest */ = {isa = PBXFileReference; includeInIndex = 0; lastKnownFileType = wrapper.cfbundle; path = KirtHealthSyncUITests.xctest; sourceTree = BUILT_PRODUCTS_DIR; };
		121B8AB379631A4E7F99A3D9 /* BackgroundTasks.framework */ = {isa = PBXFileReference; lastKnownFileType = wrapper.framework; name = BackgroundTasks.framework; path = System/Library/Frameworks/BackgroundTasks.framework; sourceTree = SDKROOT; };
		21C79A6A51BE1DC5BE76F96F /* UIKit.framework */ = {isa = PBXFileReference; lastKnownFileType = wrapper.framework; name = UIKit.framework; path = System/Library/Frameworks/UIKit.framework; sourceTree = SDKROOT; };
		27182FF510C97848B9090B5A /* FirestoreInit.h */ = {isa = PBXFileReference; lastKnownFileType = sourcecode.c.h; path = FirestoreInit.h; sourceTree = "<group>"; };
		27AC31C12618C3BEFE45DF77 /* KirtHealthSyncApp.swift */ = {isa = PBXFileReference; lastKnownFileType = sourcecode.swift; path = KirtHealthSyncApp.swift; sourceTree = "<group>"; };
		487B8FB8DDC839F838D2FD6B /* FirestoreInit.m */ = {isa = PBXFileReference; lastKnownFileType = sourcecode.c.objc; path = FirestoreInit.m; sourceTree = "<group>"; };
		4CA353631375CC62332C73E2 /* GoogleService-Info.plist */ = {isa = PBXFileReference; lastKnownFileType = text.plist; path = "GoogleService-Info.plist"; sourceTree = "<group>"; };
		69F66A304B40DF7D08964298 /* KirtHealthSync.app */ = {isa = PBXFileReference; includeInIndex = 0; lastKnownFileType = wrapper.application; path = KirtHealthSync.app; sourceTree = BUILT_PRODUCTS_DIR; };
		7AD40B666E44A20BE22D66FA /* KirtHealthSyncUITests.swift */ = {isa = PBXFileReference; lastKnownFileType = sourcecode.swift; path = KirtHealthSyncUITests.swift; sourceTree = "<group>"; };
		810CB500E71CBA12A5BFF6B1 /* KirtHealthSync.entitlements */ = {isa = PBXFileReference; lastKnownFileType = text.plist.entitlements; path = KirtHealthSync.entitlements; sourceTree = "<group>"; };
		812A00823F606119942F1114 /* ContentView.swift */ = {isa = PBXFileReference; lastKnownFileType = sourcecode.swift; path = ContentView.swift; sourceTree = "<group>"; };
		90C5698ECE7FA528C7F0BEC2 /* AppDelegate.swift */ = {isa = PBXFileReference; lastKnownFileType = sourcecode.swift; path = AppDelegate.swift; sourceTree = "<group>"; };
		A5E343725A1B239936A20E39 /* SettingsView.swift */ = {isa = PBXFileReference; lastKnownFileType = sourcecode.swift; path = SettingsView.swift; sourceTree = "<group>"; };
		B1618E1407C4AE1C06F6167B /* KirtHealthSync-Bridging-Header.h */ = {isa = PBXFileReference; lastKnownFileType = sourcecode.c.h; path = "KirtHealthSync-Bridging-Header.h"; sourceTree = "<group>"; };
		B252F67BB90DA66F6CAA9329 /* Info.plist */ = {isa = PBXFileReference; lastKnownFileType = text.plist; path = Info.plist; sourceTree = "<group>"; };
		C409ABE8C92B69AFE42DA736 /* Info.plist */ = {isa = PBXFileReference; lastKnownFileType = text.plist; path = Info.plist; sourceTree = "<group>"; };
		E36361226AF3C09F5BE3A603 /* MockDataInputView.swift */ = {isa = PBXFileReference; lastKnownFileType = sourcecode.swift; path = MockDataInputView.swift; sourceTree = "<group>"; };
		E59BC0BDDFDCB36A68F5546E /* HealthKitManager.swift */ = {isa = PBXFileReference; lastKnownFileType = sourcecode.swift; path = HealthKitManager.swift; sourceTree = "<group>"; };
		F7B77253847BF06DFF92D86C /* HealthKit.framework */ = {isa = PBXFileReference; lastKnownFileType = wrapper.framework; name = HealthKit.framework; path = System/Library/Frameworks/HealthKit.framework; sourceTree = SDKROOT; };
		FF46E4571286030F098071B5 /* LaunchScreen.storyboard */ = {isa = PBXFileReference; lastKnownFileType = file.storyboard; path = LaunchScreen.storyboard; sourceTree = "<group>"; };
/* End PBXFileReference section */

/* Begin PBXFrameworksBuildPhase section */
		C4B22CF23667477DEB7B70D0 /* Frameworks */ = {
			isa = PBXFrameworksBuildPhase;
			buildActionMask = 2147483647;
			files = (
				767C92002D302049D3078315 /* FirebaseFirestore in Frameworks */,
				46BA3A6292082A4403D8163E /* FirebaseAuth in Frameworks */,
				56DBF22F64E0967C40B4C807 /* FirebaseAnalytics in Frameworks */,
				E2D675D8BA549AFA0FEE3B11 /* UIKit.framework in Frameworks */,
				830BAF31183FC8B99277F1E4 /* HealthKit.framework in Frameworks */,
				7FAE987C8CE5C400B4029970 /* BackgroundTasks.framework in Frameworks */,
			);
			runOnlyForDeploymentPostprocessing = 0;
		};
/* End PBXFrameworksBuildPhase section */

/* Begin PBXGroup section */
		4090CD42E3C0422D654E76AC /* HealthKit */ = {
			isa = PBXGroup;
			children = (
				E59BC0BDDFDCB36A68F5546E /* HealthKitManager.swift */,
			);
			path = HealthKit;
			sourceTree = "<group>";
		};
		4A0434794836FF68350E304F /* Products */ = {
			isa = PBXGroup;
			children = (
				69F66A304B40DF7D08964298 /* KirtHealthSync.app */,
				10FF5BCCC32949C64F905A7C /* KirtHealthSyncUITests.xctest */,
			);
			name = Products;
			sourceTree = "<group>";
		};
		565968620EDCF5901D4BF3C6 /* Frameworks */ = {
			isa = PBXGroup;
			children = (
				121B8AB379631A4E7F99A3D9 /* BackgroundTasks.framework */,
				F7B77253847BF06DFF92D86C /* HealthKit.framework */,
				21C79A6A51BE1DC5BE76F96F /* UIKit.framework */,
			);
			name = Frameworks;
			sourceTree = "<group>";
		};
		5D7B87960E7EB51D27618DBD /* UITests */ = {
			isa = PBXGroup;
			children = (
				B252F67BB90DA66F6CAA9329 /* Info.plist */,
				7AD40B666E44A20BE22D66FA /* KirtHealthSyncUITests.swift */,
			);
			path = UITests;
			sourceTree = "<group>";
		};
		63DF397687B2E4641371E0B9 /* Sources */ = {
			isa = PBXGroup;
			children = (
				64999CA10700D0022A6DA944 /* App */,
				4090CD42E3C0422D654E76AC /* HealthKit */,
				C20FDF1479D4DEB9F33F0814 /* Views */,
			);
			path = Sources;
			sourceTree = "<group>";
		};
		64999CA10700D0022A6DA944 /* App */ = {
			isa = PBXGroup;
			children = (
				90C5698ECE7FA528C7F0BEC2 /* AppDelegate.swift */,
				27182FF510C97848B9090B5A /* FirestoreInit.h */,
				487B8FB8DDC839F838D2FD6B /* FirestoreInit.m */,
				B1618E1407C4AE1C06F6167B /* KirtHealthSync-Bridging-Header.h */,
				27AC31C12618C3BEFE45DF77 /* KirtHealthSyncApp.swift */,
			);
			path = App;
			sourceTree = "<group>";
		};
		ABB353F208A8B49935A59BFA /* Resources */ = {
			isa = PBXGroup;
			children = (
				073CE9E8020A547BE50D96DE /* Assets.xcassets */,
				4CA353631375CC62332C73E2 /* GoogleService-Info.plist */,
				C409ABE8C92B69AFE42DA736 /* Info.plist */,
				810CB500E71CBA12A5BFF6B1 /* KirtHealthSync.entitlements */,
				FF46E4571286030F098071B5 /* LaunchScreen.storyboard */,
			);
			path = Resources;
			sourceTree = "<group>";
		};
		C20FDF1479D4DEB9F33F0814 /* Views */ = {
			isa = PBXGroup;
			children = (
				812A00823F606119942F1114 /* ContentView.swift */,
				E36361226AF3C09F5BE3A603 /* MockDataInputView.swift */,
				A5E343725A1B239936A20E39 /* SettingsView.swift */,
			);
			path = Views;
			sourceTree = "<group>";
		};
		DB9C84CE0DDC51BD71D809CC = {
			isa = PBXGroup;
			children = (
				ABB353F208A8B49935A59BFA /* Resources */,
				63DF397687B2E4641371E0B9 /* Sources */,
				5D7B87960E7EB51D27618DBD /* UITests */,
				565968620EDCF5901D4BF3C6 /* Frameworks */,
				4A0434794836FF68350E304F /* Products */,
			);
			sourceTree = "<group>";
		};
/* End PBXGroup section */

/* Begin PBXNativeTarget section */
		7F77DA240F251AAF7DC0DF6F /* KirtHealthSyncUITests */ = {
			isa = PBXNativeTarget;
			buildConfigurationList = 06B16D547200163BB06A11EA /* Build configuration list for PBXNativeTarget "KirtHealthSyncUITests" */;
			buildPhases = (
				6B0264128C201A62E735437A /* Sources */,
			);
			buildRules = (
			);
			dependencies = (
				E69853F3A95581579FA5206D /* PBXTargetDependency */,
			);
			name = KirtHealthSyncUITests;
			packageProductDependencies = (
			);
			productName = KirtHealthSyncUITests;
			productReference = 10FF5BCCC32949C64F905A7C /* KirtHealthSyncUITests.xctest */;
			productType = "com.apple.product-type.bundle.ui-testing";
		};
		E49B8DACCE12E1B3137B5E6F /* KirtHealthSync */ = {
			isa = PBXNativeTarget;
			buildConfigurationList = 20C067E4BCD4882991AD39BD /* Build configuration list for PBXNativeTarget "KirtHealthSync" */;
			buildPhases = (
				36F5B3CF35B005D386E9034A /* Sources */,
				C46D21DF2924A5F17789F7E9 /* Resources */,
				C4B22CF23667477DEB7B70D0 /* Frameworks */,
			);
			buildRules = (
			);
			dependencies = (
			);
			name = KirtHealthSync;
			packageProductDependencies = (
				673013050C49652C01FA0059 /* FirebaseFirestore */,
				5D676CC12E97CA8A1496C45A /* FirebaseAuth */,
				C34211DA44DD8055A43623B8 /* FirebaseAnalytics */,
			);
			productName = KirtHealthSync;
			productReference = 69F66A304B40DF7D08964298 /* KirtHealthSync.app */;
			productType = "com.apple.product-type.application";
		};
/* End PBXNativeTarget section */

/* Begin PBXProject section */
		6497514D642EFF18C917BD44 /* Project object */ = {
			isa = PBXProject;
			attributes = {
				BuildIndependentTargetsInParallel = YES;
				LastUpgradeCheck = 1600;
				TargetAttributes = {
					7F77DA240F251AAF7DC0DF6F = {
						ProvisioningStyle = Automatic;
						TestTargetID = E49B8DACCE12E1B3137B5E6F;
					};
					E49B8DACCE12E1B3137B5E6F = {
						ProvisioningStyle = Automatic;
					};
				};
			};
			buildConfigurationList = F70696D58068687A96AE2DED /* Build configuration list for PBXProject "KirtHealthSync" */;
			developmentRegion = en;
			hasScannedForEncodings = 0;
			knownRegions = (
				Base,
				en,
			);
			mainGroup = DB9C84CE0DDC51BD71D809CC;
			minimizedProjectReferenceProxies = 1;
			packageReferences = (
				E030330468B967CD8E9E3AED /* XCRemoteSwiftPackageReference "firebase-ios-sdk" */,
			);
			preferredProjectObjectVersion = 77;
			productRefGroup = 4A0434794836FF68350E304F /* Products */;
			projectDirPath = "";
			projectRoot = "";
			targets = (
				E49B8DACCE12E1B3137B5E6F /* KirtHealthSync */,
				7F77DA240F251AAF7DC0DF6F /* KirtHealthSyncUITests */,
			);
		};
/* End PBXProject section */

/* Begin PBXResourcesBuildPhase section */
		C46D21DF2924A5F17789F7E9 /* Resources */ = {
			isa = PBXResourcesBuildPhase;
			buildActionMask = 2147483647;
			files = (
				BA03C702FE61B136635C5EB4 /* Assets.xcassets in Resources */,
				B1DCFDDE78CD5E1D779CA87B /* GoogleService-Info.plist in Resources */,
				3B81304A37BAD16A7FF20503 /* LaunchScreen.storyboard in Resources */,
			);
			runOnlyForDeploymentPostprocessing = 0;
		};
/* End PBXResourcesBuildPhase section */

/* Begin PBXSourcesBuildPhase section */
		36F5B3CF35B005D386E9034A /* Sources */ = {
			isa = PBXSourcesBuildPhase;
			buildActionMask = 2147483647;
			files = (
				33A600E11BBAEF7A6DC72EA1 /* AppDelegate.swift in Sources */,
				6B6110D4F1A278AE3C21293A /* ContentView.swift in Sources */,
				857D52BD207F2AB3B206EA1B /* FirestoreInit.m in Sources */,
				B15A695970A4A5C25D0612FC /* HealthKitManager.swift in Sources */,
				5FB35B5793E5AC0233E1C523 /* KirtHealthSyncApp.swift in Sources */,
				25A3033125587D44528411AC /* MockDataInputView.swift in Sources */,
				5DB2BE87B66F2CE43E80931F /* SettingsView.swift in Sources */,
			);
			runOnlyForDeploymentPostprocessing = 0;
		};
		6B0264128C201A62E735437A /* Sources */ = {
			isa = PBXSourcesBuildPhase;
			buildActionMask = 2147483647;
			files = (
				F1BAC8183AE7B096C747A695 /* KirtHealthSyncUITests.swift in Sources */,
			);
			runOnlyForDeploymentPostprocessing = 0;
		};
/* End PBXSourcesBuildPhase section */

/* Begin PBXTargetDependency section */
		E69853F3A95581579FA5206D /* PBXTargetDependency */ = {
			isa = PBXTargetDependency;
			target = E49B8DACCE12E1B3137B5E6F /* KirtHealthSync */;
			targetProxy = 0BC6CED0B1FF62CE62D6798B /* PBXContainerItemProxy */;
		};
/* End PBXTargetDependency section */

/* Begin XCBuildConfiguration section */
		5FC779FB08E04B3EA5EB6CD6 /* Release */ = {
			isa = XCBuildConfiguration;
			buildSettings = {
				ASSETCATALOG_COMPILER_APPICON_NAME = AppIcon;
				CODE_SIGN_ENTITLEMENTS = Resources/KirtHealthSync.entitlements;
				CODE_SIGN_IDENTITY = "iPhone Developer";
				CODE_SIGN_STYLE = Automatic;
				CURRENT_PROJECT_VERSION = 1;
				ENABLE_PREVIEWS = YES;
				GENERATE_INFOPLIST_FILE = YES;
				INFOPLIST_FILE = Resources/Info.plist;
				LD_RUNPATH_SEARCH_PATHS = (
					"$(inherited)",
					"@executable_path/Frameworks",
				);
				MARKETING_VERSION = 1.0;
				PRODUCT_BUNDLE_IDENTIFIER = com.kirt.healthsync;
				SDKROOT = iphoneos;
				SWIFT_OBJC_BRIDGING_HEADER = "Sources/App/KirtHealthSync-Bridging-Header.h";
				SWIFT_VERSION = 5.0;
				TARGETED_DEVICE_FAMILY = "1,2";
			};
			name = Release;
		};
		74FB140E7BD33C97144D66D1 /* Debug */ = {
			isa = XCBuildConfiguration;
			buildSettings = {
				ASSETCATALOG_COMPILER_APPICON_NAME = AppIcon;
				CODE_SIGN_ENTITLEMENTS = Resources/KirtHealthSync.entitlements;
				CODE_SIGN_IDENTITY = "iPhone Developer";
				CODE_SIGN_STYLE = Automatic;
				CURRENT_PROJECT_VERSION = 1;
				ENABLE_PREVIEWS = YES;
				GENERATE_INFOPLIST_FILE = YES;
				INFOPLIST_FILE = Resources/Info.plist;
				LD_RUNPATH_SEARCH_PATHS = (
					"$(inherited)",
					"@executable_path/Frameworks",
				);
				MARKETING_VERSION = 1.0;
				PRODUCT_BUNDLE_IDENTIFIER = com.kirt.healthsync;
				SDKROOT = iphoneos;
				SWIFT_OBJC_BRIDGING_HEADER = "Sources/App/KirtHealthSync-Bridging-Header.h";
				SWIFT_VERSION = 5.0;
				TARGETED_DEVICE_FAMILY = "1,2";
			};
			name = Debug;
		};
		7B252862776DA7EF0E6EB74B /* Debug */ = {
			isa = XCBuildConfiguration;
			buildSettings = {
				BUNDLE_LOADER = "$(TEST_HOST)";
				CODE_SIGN_STYLE = Automatic;
				CURRENT_PROJECT_VERSION = 1;
				GENERATE_INFOPLIST_FILE = YES;
				INFOPLIST_FILE = UITests/Info.plist;
				LD_RUNPATH_SEARCH_PATHS = (
					"$(inherited)",
					"@executable_path/Frameworks",
					"@loader_path/Frameworks",
				);
				MARKETING_VERSION = 1.0;
				PRODUCT_BUNDLE_IDENTIFIER = com.kirt.healthsync.uitests;
				SDKROOT = iphoneos;
				SWIFT_VERSION = 5.0;
				TARGETED_DEVICE_FAMILY = "1,2";
				TEST_TARGET_NAME = KirtHealthSync;
			};
			name = Debug;
		};
		8BCCB7999DA8C960F7D804A5 /* Release */ = {
			isa = XCBuildConfiguration;
			buildSettings = {
				ALWAYS_SEARCH_USER_PATHS = NO;
				CLANG_ANALYZER_NONNULL = YES;
				CLANG_ANALYZER_NUMBER_OBJECT_CONVERSION = YES_AGGRESSIVE;
				CLANG_CXX_LANGUAGE_STANDARD = "gnu++14";
				CLANG_CXX_LIBRARY = "libc++";
				CLANG_ENABLE_MODULES = YES;
				CLANG_ENABLE_OBJC_ARC = YES;
				CLANG_ENABLE_OBJC_WEAK = YES;
				CLANG_WARN_BLOCK_CAPTURE_AUTORELEASING = YES;
				CLANG_WARN_BOOL_CONVERSION = YES;
				CLANG_WARN_COMMA = YES;
				CLANG_WARN_CONSTANT_CONVERSION = YES;
				CLANG_WARN_DEPRECATED_OBJC_IMPLEMENTATIONS = YES;
				CLANG_WARN_DIRECT_OBJC_ISA_USAGE = YES_ERROR;
				CLANG_WARN_DOCUMENTATION_COMMENTS = YES;
				CLANG_WARN_EMPTY_BODY = YES;
				CLANG_WARN_ENUM_CONVERSION = YES;
				CLANG_WARN_INFINITE_RECURSION = YES;
				CLANG_WARN_INT_CONVERSION = YES;
				CLANG_WARN_NON_LITERAL_NULL_CONVERSION = YES;
				CLANG_WARN_OBJC_IMPLICIT_RETAIN_SELF = YES;
				CLANG_WARN_OBJC_LITERAL_CONVERSION = YES;
				CLANG_WARN_OBJC_ROOT_CLASS = YES_ERROR;
				CLANG_WARN_QUOTED_INCLUDE_IN_FRAMEWORK_HEADER = YES;
				CLANG_WARN_RANGE_LOOP_ANALYSIS = YES;
				CLANG_WARN_STRICT_PROTOTYPES = YES;
				CLANG_WARN_SUSPICIOUS_MOVE = YES;
				CLANG_WARN_UNGUARDED_AVAILABILITY = YES_AGGRESSIVE;
				CLANG_WARN_UNREACHABLE_CODE = YES;
				CLANG_WARN__DUPLICATE_METHOD_MATCH = YES;
				COPY_PHASE_STRIP = NO;
				DEBUG_INFORMATION_FORMAT = "dwarf-with-dsym";
				ENABLE_NS_ASSERTIONS = NO;
				ENABLE_STRICT_OBJC_MSGSEND = YES;
				GCC_C_LANGUAGE_STANDARD = gnu11;
				GCC_NO_COMMON_BLOCKS = YES;
				GCC_WARN_64_TO_32_BIT_CONVERSION = YES;
				GCC_WARN_ABOUT_RETURN_TYPE = YES_ERROR;
				GCC_WARN_UNDECLARED_SELECTOR = YES;
				GCC_WARN_UNINITIALIZED_AUTOS = YES_AGGRESSIVE;
				GCC_WARN_UNUSED_FUNCTION = YES;
				GCC_WARN_UNUSED_VARIABLE = YES;
				MTL_ENABLE_DEBUG_INFO = NO;
				MTL_FAST_MATH = YES;
				PRODUCT_NAME = "$(TARGET_NAME)";
				SDKROOT = iphoneos;
				SWIFT_COMPILATION_MODE = wholemodule;
				SWIFT_OPTIMIZATION_LEVEL = "-O";
				SWIFT_VERSION = 5.0;
			};
			name = Release;
		};
		B5358498BA7E649F7FB68610 /* Release */ = {
			isa = XCBuildConfiguration;
			buildSettings = {
				BUNDLE_LOADER = "$(TEST_HOST)";
				CODE_SIGN_STYLE = Automatic;
				CURRENT_PROJECT_VERSION = 1;
				GENERATE_INFOPLIST_FILE = YES;
				INFOPLIST_FILE = UITests/Info.plist;
				LD_RUNPATH_SEARCH_PATHS = (
					"$(inherited)",
					"@executable_path/Frameworks",
					"@loader_path/Frameworks",
				);
				MARKETING_VERSION = 1.0;
				PRODUCT_BUNDLE_IDENTIFIER = com.kirt.healthsync.uitests;
				SDKROOT = iphoneos;
				SWIFT_VERSION = 5.0;
				TARGETED_DEVICE_FAMILY = "1,2";
				TEST_TARGET_NAME = KirtHealthSync;
			};
			name = Release;
		};
		DBF3D8EDB9882E809175EC48 /* Debug */ = {
			isa = XCBuildConfiguration;
			buildSettings = {
				ALWAYS_SEARCH_USER_PATHS = NO;
				CLANG_ANALYZER_NONNULL = YES;
				CLANG_ANALYZER_NUMBER_OBJECT_CONVERSION = YES_AGGRESSIVE;
				CLANG_CXX_LANGUAGE_STANDARD = "gnu++14";
				CLANG_CXX_LIBRARY = "libc++";
				CLANG_ENABLE_MODULES = YES;
				CLANG_ENABLE_OBJC_ARC = YES;
				CLANG_ENABLE_OBJC_WEAK = YES;
				CLANG_WARN_BLOCK_CAPTURE_AUTORELEASING = YES;
				CLANG_WARN_BOOL_CONVERSION = YES;
				CLANG_WARN_COMMA = YES;
				CLANG_WARN_CONSTANT_CONVERSION = YES;
				CLANG_WARN_DEPRECATED_OBJC_IMPLEMENTATIONS = YES;
				CLANG_WARN_DIRECT_OBJC_ISA_USAGE = YES_ERROR;
				CLANG_WARN_DOCUMENTATION_COMMENTS = YES;
				CLANG_WARN_EMPTY_BODY = YES;
				CLANG_WARN_ENUM_CONVERSION = YES;
				CLANG_WARN_INFINITE_RECURSION = YES;
				CLANG_WARN_INT_CONVERSION = YES;
				CLANG_WARN_NON_LITERAL_NULL_CONVERSION = YES;
				CLANG_WARN_OBJC_IMPLICIT_RETAIN_SELF = YES;
				CLANG_WARN_OBJC_LITERAL_CONVERSION = YES;
				CLANG_WARN_OBJC_ROOT_CLASS = YES_ERROR;
				CLANG_WARN_QUOTED_INCLUDE_IN_FRAMEWORK_HEADER = YES;
				CLANG_WARN_RANGE_LOOP_ANALYSIS = YES;
				CLANG_WARN_STRICT_PROTOTYPES = YES;
				CLANG_WARN_SUSPICIOUS_MOVE = YES;
				CLANG_WARN_UNGUARDED_AVAILABILITY = YES_AGGRESSIVE;
				CLANG_WARN_UNREACHABLE_CODE = YES;
				CLANG_WARN__DUPLICATE_METHOD_MATCH = YES;
				COPY_PHASE_STRIP = NO;
				DEBUG_INFORMATION_FORMAT = dwarf;
				ENABLE_STRICT_OBJC_MSGSEND = YES;
				ENABLE_TESTABILITY = YES;
				GCC_C_LANGUAGE_STANDARD = gnu11;
				GCC_DYNAMIC_NO_PIC = NO;
				GCC_NO_COMMON_BLOCKS = YES;
				GCC_OPTIMIZATION_LEVEL = 0;
				GCC_PREPROCESSOR_DEFINITIONS = (
					"$(inherited)",
					"DEBUG=1",
				);
				GCC_WARN_64_TO_32_BIT_CONVERSION = YES;
				GCC_WARN_ABOUT_RETURN_TYPE = YES_ERROR;
				GCC_WARN_UNDECLARED_SELECTOR = YES;
				GCC_WARN_UNINITIALIZED_AUTOS = YES_AGGRESSIVE;
				GCC_WARN_UNUSED_FUNCTION = YES;
				GCC_WARN_UNUSED_VARIABLE = YES;
				MTL_ENABLE_DEBUG_INFO = INCLUDE_SOURCE;
				MTL_FAST_MATH = YES;
				ONLY_ACTIVE_ARCH = YES;
				PRODUCT_NAME = "$(TARGET_NAME)";
				SDKROOT = iphoneos;
				SWIFT_ACTIVE_COMPILATION_CONDITIONS = DEBUG;
				SWIFT_OPTIMIZATION_LEVEL = "-Onone";
				SWIFT_VERSION = 5.0;
			};
			name = Debug;
		};
/* End XCBuildConfiguration section */

/* Begin XCConfigurationList section */
		06B16D547200163BB06A11EA /* Build configuration list for PBXNativeTarget "KirtHealthSyncUITests" */ = {
			isa = XCConfigurationList;
			buildConfigurations = (
				7B252862776DA7EF0E6EB74B /* Debug */,
				B5358498BA7E649F7FB68610 /* Release */,
			);
			defaultConfigurationIsVisible = 0;
			defaultConfigurationName = Debug;
		};
		20C067E4BCD4882991AD39BD /* Build configuration list for PBXNativeTarget "KirtHealthSync" */ = {
			isa = XCConfigurationList;
			buildConfigurations = (
				74FB140E7BD33C97144D66D1 /* Debug */,
				5FC779FB08E04B3EA5EB6CD6 /* Release */,
			);
			defaultConfigurationIsVisible = 0;
			defaultConfigurationName = Debug;
		};
		F70696D58068687A96AE2DED /* Build configuration list for PBXProject "KirtHealthSync" */ = {
			isa = XCConfigurationList;
			buildConfigurations = (
				DBF3D8EDB9882E809175EC48 /* Debug */,
				8BCCB7999DA8C960F7D804A5 /* Release */,
			);
			defaultConfigurationIsVisible = 0;
			defaultConfigurationName = Debug;
		};
/* End XCConfigurationList section */

/* Begin XCRemoteSwiftPackageReference section */
		E030330468B967CD8E9E3AED /* XCRemoteSwiftPackageReference "firebase-ios-sdk" */ = {
			isa = XCRemoteSwiftPackageReference;
			repositoryURL = "https://github.com/firebase/firebase-ios-sdk";
			requirement = {
				kind = upToNextMajorVersion;
				minimumVersion = 11.0.0;
			};
		};
/* End XCRemoteSwiftPackageReference section */

/* Begin XCSwiftPackageProductDependency section */
		5D676CC12E97CA8A1496C45A /* FirebaseAuth */ = {
			isa = XCSwiftPackageProductDependency;
			package = E030330468B967CD8E9E3AED /* XCRemoteSwiftPackageReference "firebase-ios-sdk" */;
			productName = FirebaseAuth;
		};
		673013050C49652C01FA0059 /* FirebaseFirestore */ = {
			isa = XCSwiftPackageProductDependency;
			package = E030330468B967CD8E9E3AED /* XCRemoteSwiftPackageReference "firebase-ios-sdk" */;
			productName = FirebaseFirestore;
		};
		C34211DA44DD8055A43623B8 /* FirebaseAnalytics */ = {
			isa = XCSwiftPackageProductDependency;
			package = E030330468B967CD8E9E3AED /* XCRemoteSwiftPackageReference "firebase-ios-sdk" */;
			productName = FirebaseAnalytics;
		};
/* End XCSwiftPackageProductDependency section */
	};
	rootObject = 6497514D642EFF18C917BD44 /* Project object */;
}
